// !$*UTF8*$!
{
	archiveVersion = 1;
	classes = {
	};
	objectVersion = 55;
	objects = {

/* Begin PBXBuildFile section */
		AC48D2AB28132D38002BD273 /* FoodSectionsApp.swift in Sources */ = {isa = PBXBuildFile; fileRef = AC48D2AA28132D38002BD273 /* FoodSectionsApp.swift */; };
		AC48D2AD28132D38002BD273 /* ContentView.swift in Sources */ = {isa = PBXBuildFile; fileRef = AC48D2AC28132D38002BD273 /* ContentView.swift */; };
		AC48D2AF28132D3E002BD273 /* Assets.xcassets in Resources */ = {isa = PBXBuildFile; fileRef = AC48D2AE28132D3E002BD273 /* Assets.xcassets */; };
		AC48D2B228132D3E002BD273 /* Preview Assets.xcassets in Resources */ = {isa = PBXBuildFile; fileRef = AC48D2B128132D3E002BD273 /* Preview Assets.xcassets */; };
		AC48D2B928132DD6002BD273 /* FoodSectionsModel.swift in Sources */ = {isa = PBXBuildFile; fileRef = AC48D2B828132DD6002BD273 /* FoodSectionsModel.swift */; };
		AC48D2BB28132E23002BD273 /* Constants.swift in Sources */ = {isa = PBXBuildFile; fileRef = AC48D2BA28132E23002BD273 /* Constants.swift */; };
		AC48D2BD2813443B002BD273 /* FoodSectionsView.swift in Sources */ = {isa = PBXBuildFile; fileRef = AC48D2BC2813443B002BD273 /* FoodSectionsView.swift */; };
		AC48D2BF281344FF002BD273 /* FoodSectionsViewModel.swift in Sources */ = {isa = PBXBuildFile; fileRef = AC48D2BE281344FF002BD273 /* FoodSectionsViewModel.swift */; };
/* End PBXBuildFile section */

/* Begin PBXFileReference section */
		AC48D2A728132D38002BD273 /* FoodSections.app */ = {isa = PBXFileReference; explicitFileType = wrapper.application; includeInIndex = 0; path = FoodSections.app; sourceTree = BUILT_PRODUCTS_DIR; };
		AC48D2AA28132D38002BD273 /* FoodSectionsApp.swift */ = {isa = PBXFileReference; lastKnownFileType = sourcecode.swift; path = FoodSectionsApp.swift; sourceTree = "<group>"; };
		AC48D2AC28132D38002BD273 /* ContentView.swift */ = {isa = PBXFileReference; lastKnownFileType = sourcecode.swift; path = ContentView.swift; sourceTree = "<group>"; };
		AC48D2AE28132D3E002BD273 /* Assets.xcassets */ = {isa = PBXFileReference; lastKnownFileType = folder.assetcatalog; path = Assets.xcassets; sourceTree = "<group>"; };
		AC48D2B128132D3E002BD273 /* Preview Assets.xcassets */ = {isa = PBXFileReference; lastKnownFileType = folder.assetcatalog; path = "Preview Assets.xcassets"; sourceTree = "<group>"; };
		AC48D2B828132DD6002BD273 /* FoodSectionsModel.swift */ = {isa = PBXFileReference; lastKnownFileType = sourcecode.swift; path = FoodSectionsModel.swift; sourceTree = "<group>"; };
		AC48D2BA28132E23002BD273 /* Constants.swift */ = {isa = PBXFileReference; lastKnownFileType = sourcecode.swift; path = Constants.swift; sourceTree = "<group>"; };
		AC48D2BC2813443B002BD273 /* FoodSectionsView.swift */ = {isa = PBXFileReference; lastKnownFileType = sourcecode.swift; path = FoodSectionsView.swift; sourceTree = "<group>"; };
		AC48D2BE281344FF002BD273 /* FoodSectionsViewModel.swift */ = {isa = PBXFileReference; lastKnownFileType = sourcecode.swift; path = FoodSectionsViewModel.swift; sourceTree = "<group>"; };
/* End PBXFileReference section */

/* Begin PBXFrameworksBuildPhase section */
		AC48D2A428132D38002BD273 /* Frameworks */ = {
			isa = PBXFrameworksBuildPhase;
			buildActionMask = 2147483647;
			files = (
			);
			runOnlyForDeploymentPostprocessing = 0;
		};
/* End PBXFrameworksBuildPhase section */

/* Begin PBXGroup section */
		AC48D29E28132D38002BD273 = {
			isa = PBXGroup;
			children = (
				AC48D2A928132D38002BD273 /* FoodSections */,
				AC48D2A828132D38002BD273 /* Products */,
			);
			sourceTree = "<group>";
		};
		AC48D2A828132D38002BD273 /* Products */ = {
			isa = PBXGroup;
			children = (
				AC48D2A728132D38002BD273 /* FoodSections.app */,
			);
			name = Products;
			sourceTree = "<group>";
		};
		AC48D2A928132D38002BD273 /* FoodSections */ = {
			isa = PBXGroup;
			children = (
				AC48D2BA28132E23002BD273 /* Constants.swift */,
				AC48D2AA28132D38002BD273 /* FoodSectionsApp.swift */,
				AC48D2AC28132D38002BD273 /* ContentView.swift */,
				AC48D2B828132DD6002BD273 /* FoodSectionsModel.swift */,
				AC48D2BE281344FF002BD273 /* FoodSectionsViewModel.swift */,
				AC48D2BC2813443B002BD273 /* FoodSectionsView.swift */,
				AC48D2AE28132D3E002BD273 /* Assets.xcassets */,
				AC48D2B028132D3E002BD273 /* Preview Content */,
			);
			path = FoodSections;
			sourceTree = "<group>";
		};
		AC48D2B028132D3E002BD273 /* Preview Content */ = {
			isa = PBXGroup;
			children = (
				AC48D2B128132D3E002BD273 /* Preview Assets.xcassets */,
			);
			path = "Preview Content";
			sourceTree = "<group>";
		};
/* End PBXGroup section */

/* Begin PBXNativeTarget section */
		AC48D2A628132D38002BD273 /* FoodSections */ = {
			isa = PBXNativeTarget;
			buildConfigurationList = AC48D2B528132D3E002BD273 /* Build configuration list for PBXNativeTarget "FoodSections" */;
			buildPhases = (
				AC48D2A328132D38002BD273 /* Sources */,
				AC48D2A428132D38002BD273 /* Frameworks */,
				AC48D2A528132D38002BD273 /* Resources */,
			);
			buildRules = (
			);
			dependencies = (
			);
			name = FoodSections;
			productName = FoodSections;
			productReference = AC48D2A728132D38002BD273 /* FoodSections.app */;
			productType = "com.apple.product-type.application";
		};
/* End PBXNativeTarget section */

/* Begin PBXProject section */
		AC48D29F28132D38002BD273 /* Project object */ = {
			isa = PBXProject;
			attributes = {
				BuildIndependentTargetsInParallel = 1;
				LastSwiftUpdateCheck = 1330;
				LastUpgradeCheck = 1330;
				TargetAttributes = {
					AC48D2A628132D38002BD273 = {
						CreatedOnToolsVersion = 13.3.1;
					};
				};
			};
			buildConfigurationList = AC48D2A228132D38002BD273 /* Build configuration list for PBXProject "FoodSections" */;
			compatibilityVersion = "Xcode 13.0";
			developmentRegion = en;
			hasScannedForEncodings = 0;
			knownRegions = (
				en,
				Base,
			);
			mainGroup = AC48D29E28132D38002BD273;
			productRefGroup = AC48D2A828132D38002BD273 /* Products */;
			projectDirPath = "";
			projectRoot = "";
			targets = (
				AC48D2A628132D38002BD273 /* FoodSections */,
			);
		};
/* End PBXProject section */

/* Begin PBXResourcesBuildPhase section */
		AC48D2A528132D38002BD273 /* Resources */ = {
			isa = PBXResourcesBuildPhase;
			buildActionMask = 2147483647;
			files = (
				AC48D2B228132D3E002BD273 /* Preview Assets.xcassets in Resources */,
				AC48D2AF28132D3E002BD273 /* Assets.xcassets in Resources */,
			);
			runOnlyForDeploymentPostprocessing = 0;
		};
/* End PBXResourcesBuildPhase section */

/* Begin PBXSourcesBuildPhase section */
		AC48D2A328132D38002BD273 /* Sources */ = {
			isa = PBXSourcesBuildPhase;
			buildActionMask = 2147483647;
			files = (
				AC48D2BF281344FF002BD273 /* FoodSectionsViewModel.swift in Sources */,
				AC48D2AD28132D38002BD273 /* ContentView.swift in Sources */,
				AC48D2BD2813443B002BD273 /* FoodSectionsView.swift in Sources */,
				AC48D2AB28132D38002BD273 /* FoodSectionsApp.swift in Sources */,
				AC48D2B928132DD6002BD273 /* FoodSectionsModel.swift in Sources */,
				AC48D2BB28132E23002BD273 /* Constants.swift in Sources */,
			);
			runOnlyForDeploymentPostprocessing = 0;
		};
/* End PBXSourcesBuildPhase section */

/* Begin XCBuildConfiguration section */
		AC48D2B328132D3E002BD273 /* Debug */ = {
			isa = XCBuildConfiguration;
			buildSettings = {
				ALWAYS_SEARCH_USER_PATHS = NO;
				CLANG_ANALYZER_NONNULL = YES;
				CLANG_ANALYZER_NUMBER_OBJECT_CONVERSION = YES_AGGRESSIVE;
				CLANG_CXX_LANGUAGE_STANDARD = "gnu++17";
				CLANG_ENABLE_MODULES = YES;
				CLANG_ENABLE_OBJC_ARC = YES;
				CLANG_ENABLE_OBJC_WEAK = YES;
				CLANG_WARN_BLOCK_CAPTURE_AUTORELEASING = YES;
				CLANG_WARN_BOOL_CONVERSION = YES;
				CLANG_WARN_COMMA = YES;
				CLANG_WARN_CONSTANT_CONVERSION = YES;
				CLANG_WARN_DEPRECATED_OBJC_IMPLEMENTATIONS = YES;
				CLANG_WARN_DIRECT_OBJC_ISA_USAGE = YES_ERROR;
				CLANG_WARN_DOCUMENTATION_COMMENTS = YES;
				CLANG_WARN_EMPTY_BODY = YES;
				CLANG_WARN_ENUM_CONVERSION = YES;
				CLANG_WARN_INFINITE_RECURSION = YES;
				CLANG_WARN_INT_CONVERSION = YES;
				CLANG_WARN_NON_LITERAL_NULL_CONVERSION = YES;
				CLANG_WARN_OBJC_IMPLICIT_RETAIN_SELF = YES;
				CLANG_WARN_OBJC_LITERAL_CONVERSION = YES;
				CLANG_WARN_OBJC_ROOT_CLASS = YES_ERROR;
				CLANG_WARN_QUOTED_INCLUDE_IN_FRAMEWORK_HEADER = YES;
				CLANG_WARN_RANGE_LOOP_ANALYSIS = YES;
				CLANG_WARN_STRICT_PROTOTYPES = YES;
				CLANG_WARN_SUSPICIOUS_MOVE = YES;
				CLANG_WARN_UNGUARDED_AVAILABILITY = YES_AGGRESSIVE;
				CLANG_WARN_UNREACHABLE_CODE = YES;
				CLANG_WARN__DUPLICATE_METHOD_MATCH = YES;
				COPY_PHASE_STRIP = NO;
				DEBUG_INFORMATION_FORMAT = dwarf;
				ENABLE_STRICT_OBJC_MSGSEND = YES;
				ENABLE_TESTABILITY = YES;
				GCC_C_LANGUAGE_STANDARD = gnu11;
				GCC_DYNAMIC_NO_PIC = NO;
				GCC_NO_COMMON_BLOCKS = YES;
				GCC_OPTIMIZATION_LEVEL = 0;
				GCC_PREPROCESSOR_DEFINITIONS = (
					"DEBUG=1",
					"$(inherited)",
				);
				GCC_WARN_64_TO_32_BIT_CONVERSION = YES;
				GCC_WARN_ABOUT_RETURN_TYPE = YES_ERROR;
				GCC_WARN_UNDECLARED_SELECTOR = YES;
				GCC_WARN_UNINITIALIZED_AUTOS = YES_AGGRESSIVE;
				GCC_WARN_UNUSED_FUNCTION = YES;
				GCC_WARN_UNUSED_VARIABLE = YES;
				IPHONEOS_DEPLOYMENT_TARGET = 15.4;
				MTL_ENABLE_DEBUG_INFO = INCLUDE_SOURCE;
				MTL_FAST_MATH = YES;
				ONLY_ACTIVE_ARCH = YES;
				SDKROOT = iphoneos;
				SWIFT_ACTIVE_COMPILATION_CONDITIONS = DEBUG;
				SWIFT_OPTIMIZATION_LEVEL = "-Onone";
			};
			name = Debug;
		};
		AC48D2B428132D3E002BD273 /* Release */ = {
			isa = XCBuildConfiguration;
			buildSettings = {
				ALWAYS_SEARCH_USER_PATHS = NO;
				CLANG_ANALYZER_NONNULL = YES;
				CLANG_ANALYZER_NUMBER_OBJECT_CONVERSION = YES_AGGRESSIVE;
				CLANG_CXX_LANGUAGE_STANDARD = "gnu++17";
				CLANG_ENABLE_MODULES = YES;
				CLANG_ENABLE_OBJC_ARC = YES;
				CLANG_ENABLE_OBJC_WEAK = YES;
				CLANG_WARN_BLOCK_CAPTURE_AUTORELEASING = YES;
				CLANG_WARN_BOOL_CONVERSION = YES;
				CLANG_WARN_COMMA = YES;
				CLANG_WARN_CONSTANT_CONVERSION = YES;
				CLANG_WARN_DEPRECATED_OBJC_IMPLEMENTATIONS = YES;
				CLANG_WARN_DIRECT_OBJC_ISA_USAGE = YES_ERROR;
				CLANG_WARN_DOCUMENTATION_COMMENTS = YES;
				CLANG_WARN_EMPTY_BODY = YES;
				CLANG_WARN_ENUM_CONVERSION = YES;
				CLANG_WARN_INFINITE_RECURSION = YES;
				CLANG_WARN_INT_CONVERSION = YES;
				CLANG_WARN_NON_LITERAL_NULL_CONVERSION = YES;
				CLANG_WARN_OBJC_IMPLICIT_RETAIN_SELF = YES;
				CLANG_WARN_OBJC_LITERAL_CONVERSION = YES;
				CLANG_WARN_OBJC_ROOT_CLASS = YES_ERROR;
				CLANG_WARN_QUOTED_INCLUDE_IN_FRAMEWORK_HEADER = YES;
				CLANG_WARN_RANGE_LOOP_ANALYSIS = YES;
				CLANG_WARN_STRICT_PROTOTYPES = YES;
				CLANG_WARN_SUSPICIOUS_MOVE = YES;
				CLANG_WARN_UNGUARDED_AVAILABILITY = YES_AGGRESSIVE;
				CLANG_WARN_UNREACHABLE_CODE = YES;
				CLANG_WARN__DUPLICATE_METHOD_MATCH = YES;
				COPY_PHASE_STRIP = NO;
				DEBUG_INFORMATION_FORMAT = "dwarf-with-dsym";
				ENABLE_NS_ASSERTIONS = NO;
				ENABLE_STRICT_OBJC_MSGSEND = YES;
				GCC_C_LANGUAGE_STANDARD = gnu11;
				GCC_NO_COMMON_BLOCKS = YES;
				GCC_WARN_64_TO_32_BIT_CONVERSION = YES;
				GCC_WARN_ABOUT_RETURN_TYPE = YES_ERROR;
				GCC_WARN_UNDECLARED_SELECTOR = YES;
				GCC_WARN_UNINITIALIZED_AUTOS = YES_AGGRESSIVE;
				GCC_WARN_UNUSED_FUNCTION = YES;
				GCC_WARN_UNUSED_VARIABLE = YES;
				IPHONEOS_DEPLOYMENT_TARGET = 15.4;
				MTL_ENABLE_DEBUG_INFO = NO;
				MTL_FAST_MATH = YES;
				SDKROOT = iphoneos;
				SWIFT_COMPILATION_MODE = wholemodule;
				SWIFT_OPTIMIZATION_LEVEL = "-O";
				VALIDATE_PRODUCT = YES;
			};
			name = Release;
		};
		AC48D2B628132D3E002BD273 /* Debug */ = {
			isa = XCBuildConfiguration;
			buildSettings = {
				ASSETCATALOG_COMPILER_APPICON_NAME = AppIcon;
				ASSETCATALOG_COMPILER_GLOBAL_ACCENT_COLOR_NAME = AccentColor;
				CODE_SIGN_STYLE = Automatic;
				CURRENT_PROJECT_VERSION = 1;
				DEVELOPMENT_ASSET_PATHS = "\"FoodSections/Preview Content\"";
				DEVELOPMENT_TEAM = JXZD2HANT7;
				ENABLE_PREVIEWS = YES;
				GENERATE_INFOPLIST_FILE = YES;
				INFOPLIST_KEY_UIApplicationSceneManifest_Generation = YES;
				INFOPLIST_KEY_UIApplicationSupportsIndirectInputEvents = YES;
				INFOPLIST_KEY_UILaunchScreen_Generation = YES;
				INFOPLIST_KEY_UISupportedInterfaceOrientations = UIInterfaceOrientationPortrait;
				INFOPLIST_KEY_UISupportedInterfaceOrientations_iPad = "UIInterfaceOrientationPortrait UIInterfaceOrientationPortraitUpsideDown UIInterfaceOrientationLandscapeLeft UIInterfaceOrientationLandscapeRight";
				INFOPLIST_KEY_UISupportedInterfaceOrientations_iPhone = "UIInterfaceOrientationPortrait UIInterfaceOrientationLandscapeLeft UIInterfaceOrientationLandscapeRight";
				LD_RUNPATH_SEARCH_PATHS = (
					"$(inherited)",
					"@executable_path/Frameworks",
				);
				MARKETING_VERSION = 1.0;
				PRODUCT_BUNDLE_IDENTIFIER = com.viveritsa.FoodSections;
				PRODUCT_NAME = "$(TARGET_NAME)";
				SWIFT_EMIT_LOC_STRINGS = YES;
				SWIFT_VERSION = 5.0;
				TARGETED_DEVICE_FAMILY = "1,2";
			};
			name = Debug;
		};
		AC48D2B728132D3E002BD273 /* Release */ = {
			isa = XCBuildConfiguration;
			buildSettings = {
				ASSETCATALOG_COMPILER_APPICON_NAME = AppIcon;
				ASSETCATALOG_COMPILER_GLOBAL_ACCENT_COLOR_NAME = AccentColor;
				CODE_SIGN_STYLE = Automatic;
				CURRENT_PROJECT_VERSION = 1;
				DEVELOPMENT_ASSET_PATHS = "\"FoodSections/Preview Content\"";
				DEVELOPMENT_TEAM = JXZD2HANT7;
				ENABLE_PREVIEWS = YES;
				GENERATE_INFOPLIST_FILE = YES;
				INFOPLIST_KEY_UIApplicationSceneManifest_Generation = YES;
				INFOPLIST_KEY_UIApplicationSupportsIndirectInputEvents = YES;
				INFOPLIST_KEY_UILaunchScreen_Generation = YES;
				INFOPLIST_KEY_UISupportedInterfaceOrientations = UIInterfaceOrientationPortrait;
				INFOPLIST_KEY_UISupportedInterfaceOrientations_iPad = "UIInterfaceOrientationPortrait UIInterfaceOrientationPortraitUpsideDown UIInterfaceOrientationLandscapeLeft UIInterfaceOrientationLandscapeRight";
				INFOPLIST_KEY_UISupportedInterfaceOrientations_iPhone = "UIInterfaceOrientationPortrait UIInterfaceOrientationLandscapeLeft UIInterfaceOrientationLandscapeRight";
				LD_RUNPATH_SEARCH_PATHS = (
					"$(inherited)",
					"@executable_path/Frameworks",
				);
				MARKETING_VERSION = 1.0;
				PRODUCT_BUNDLE_IDENTIFIER = com.viveritsa.FoodSections;
				PRODUCT_NAME = "$(TARGET_NAME)";
				SWIFT_EMIT_LOC_STRINGS = YES;
				SWIFT_VERSION = 5.0;
				TARGETED_DEVICE_FAMILY = "1,2";
			};
			name = Release;
		};
/* End XCBuildConfiguration section */

/* Begin XCConfigurationList section */
		AC48D2A228132D38002BD273 /* Build configuration list for PBXProject "FoodSections" */ = {
			isa = XCConfigurationList;
			buildConfigurations = (
				AC48D2B328132D3E002BD273 /* Debug */,
				AC48D2B428132D3E002BD273 /* Release */,
			);
			defaultConfigurationIsVisible = 0;
			defaultConfigurationName = Release;
		};
		AC48D2B528132D3E002BD273 /* Build configuration list for PBXNativeTarget "FoodSections" */ = {
			isa = XCConfigurationList;
			buildConfigurations = (
				AC48D2B628132D3E002BD273 /* Debug */,
				AC48D2B728132D3E002BD273 /* Release */,
			);
			defaultConfigurationIsVisible = 0;
			defaultConfigurationName = Release;
		};
/* End XCConfigurationList section */
	};
	rootObject = AC48D29F28132D38002BD273 /* Project object */;
}
